PODS:
  - Masonry (1.1.0)
  - PSAlignmentLayout (1.0.0)

DEPENDENCIES:
  - Masonry
  - PSAlignmentLayout (from `../`)

SPEC REPOS:
  https://github.com/CocoaPods/Specs.git:
    - Masonry

EXTERNAL SOURCES:
  PSAlignmentLayout:
    :path: "../"

SPEC CHECKSUMS:
  Masonry: 678fab65091a9290e40e2832a55e7ab731aad201
  PSAlignmentLayout: 509bcf1bcdea9ab4a99c598137dbc95a56a85d12

PODFILE CHECKSUM: b570cbe91c0b12b9f345ed2951045ba55d14ac04

COCOAPODS: 1.9.1
